
Microsoft Visual Studio Solution File, Format Version 12.00
# Visual Studio 15
VisualStudioVersion = 15.0.28307.421
MinimumVisualStudioVersion = 10.0.40219.1
Project("{FAE04EC0-301F-11D3-BF4B-00C04F79EFBC}") = "Security", "Security\Security.csproj", "{55179244-7D6B-4866-9E2A-90FF1A1C22E3}"
EndProject
Global
	GlobalSection(SolutionConfigurationPlatforms) = preSolution
		Debug|Any CPU = Debug|Any CPU
		Release|Any CPU = Release|Any CPU
	EndGlobalSection
	GlobalSection(ProjectConfigurationPlatforms) = postSolution
		{55179244-7D6B-4866-9E2A-90FF1A1C22E3}.Debug|Any CPU.ActiveCfg = Debug|Any CPU
		{55179244-7D6B-4866-9E2A-90FF1A1C22E3}.Debug|Any CPU.Build.0 = Debug|Any CPU
		{55179244-7D6B-4866-9E2A-90FF1A1C22E3}.Release|Any CPU.ActiveCfg = Release|Any CPU
		{55179244-7D6B-4866-9E2A-90FF1A1C22E3}.Release|Any CPU.Build.0 = Release|Any CPU
	EndGlobalSection
	GlobalSection(SolutionProperties) = preSolution
		HideSolutionNode = FALSE
	EndGlobalSection
	GlobalSection(ExtensibilityGlobals) = postSolution
		SolutionGuid = {70EBCA2C-02D0-4F19-B0FF-06EC9924CE76}
	EndGlobalSection
EndGlobal
